
Microsoft Visual Studio Solution File, Format Version 12.00
# Visual Studio Version 16
VisualStudioVersion = 16.0.30907.101
MinimumVisualStudioVersion = 10.0.40219.1
Project("{FAE04EC0-301F-11D3-BF4B-00C04F79EFBC}") = "Prototype_Virtual_ID", "Prototype_Virtual_ID\Prototype_Virtual_ID.csproj", "{8BBAF1ED-C70D-4B88-8E02-CE3670AE456D}"
EndProject
Global
	GlobalSection(SolutionConfigurationPlatforms) = preSolution
		Debug|Any CPU = Debug|Any CPU
		Release|Any CPU = Release|Any CPU
	EndGlobalSection
	GlobalSection(ProjectConfigurationPlatforms) = postSolution
		{8BBAF1ED-C70D-4B88-8E02-CE3670AE456D}.Debug|Any CPU.ActiveCfg = Debug|Any CPU
		{8BBAF1ED-C70D-4B88-8E02-CE3670AE456D}.Debug|Any CPU.Build.0 = Debug|Any CPU
		{8BBAF1ED-C70D-4B88-8E02-CE3670AE456D}.Release|Any CPU.ActiveCfg = Release|Any CPU
		{8BBAF1ED-C70D-4B88-8E02-CE3670AE456D}.Release|Any CPU.Build.0 = Release|Any CPU
	EndGlobalSection
	GlobalSection(SolutionProperties) = preSolution
		HideSolutionNode = FALSE
	EndGlobalSection
	GlobalSection(ExtensibilityGlobals) = postSolution
		SolutionGuid = {799157B7-FECB-4990-B7FA-5E6678608542}
	EndGlobalSection
EndGlobal
